
Microsoft Visual Studio Solution File, Format Version 12.00
# Visual Studio Version 17
Project("{FAE04EC0-301F-11D3-BF4B-00C04F79EFBC}") = "ScriptCoreLib", "ScriptCoreLib.csproj", "{9ACB7E57-068C-FA8D-CFC6-430B3B463F6A}"
EndProject
Global
	GlobalSection(SolutionConfigurationPlatforms) = preSolution
		Debug|Any CPU = Debug|Any CPU
		Release|Any CPU = Release|Any CPU
	EndGlobalSection
	GlobalSection(ProjectConfigurationPlatforms) = postSolution
		{9ACB7E57-068C-FA8D-CFC6-430B3B463F6A}.Debug|Any CPU.ActiveCfg = Debug|Any CPU
		{9ACB7E57-068C-FA8D-CFC6-430B3B463F6A}.Debug|Any CPU.Build.0 = Debug|Any CPU
		{9ACB7E57-068C-FA8D-CFC6-430B3B463F6A}.Release|Any CPU.ActiveCfg = Release|Any CPU
		{9ACB7E57-068C-FA8D-CFC6-430B3B463F6A}.Release|Any CPU.Build.0 = Release|Any CPU
	EndGlobalSection
	GlobalSection(SolutionProperties) = preSolution
		HideSolutionNode = FALSE
	EndGlobalSection
EndGlobal
