
Microsoft Visual Studio Solution File, Format Version 12.00
# Visual Studio Version 17
VisualStudioVersion = 17.1.32319.34
MinimumVisualStudioVersion = 10.0.40219.1
Project("{8BC9CEB8-8B4A-11D0-8D11-00A0C91BC942}") = "GameEngine", "GameEngine\GameEngine.vcxproj", "{C5724685-DA57-43DA-8CAE-01DB04FA12CE}"
EndProject
Global
	GlobalSection(SolutionConfigurationPlatforms) = preSolution
		Debug|x64 = Debug|x64
		Debug|x86 = Debug|x86
		Release|x64 = Release|x64
		Release|x86 = Release|x86
	EndGlobalSection
	GlobalSection(ProjectConfigurationPlatforms) = postSolution
		{C5724685-DA57-43DA-8CAE-01DB04FA12CE}.Debug|x64.ActiveCfg = Debug|x64
		{C5724685-DA57-43DA-8CAE-01DB04FA12CE}.Debug|x64.Build.0 = Debug|x64
		{C5724685-DA57-43DA-8CAE-01DB04FA12CE}.Debug|x86.ActiveCfg = Debug|Win32
		{C5724685-DA57-43DA-8CAE-01DB04FA12CE}.Debug|x86.Build.0 = Debug|Win32
		{C5724685-DA57-43DA-8CAE-01DB04FA12CE}.Release|x64.ActiveCfg = Release|x64
		{C5724685-DA57-43DA-8CAE-01DB04FA12CE}.Release|x64.Build.0 = Release|x64
		{C5724685-DA57-43DA-8CAE-01DB04FA12CE}.Release|x86.ActiveCfg = Release|Win32
		{C5724685-DA57-43DA-8CAE-01DB04FA12CE}.Release|x86.Build.0 = Release|Win32
	EndGlobalSection
	GlobalSection(SolutionProperties) = preSolution
		HideSolutionNode = FALSE
	EndGlobalSection
	GlobalSection(ExtensibilityGlobals) = postSolution
		SolutionGuid = {DC19410C-CE97-425E-9FF8-EBBDAC4F9EC7}
	EndGlobalSection
EndGlobal
